
Microsoft Visual Studio Solution File, Format Version 12.00
# Visual Studio Version 17
VisualStudioVersion = 17.9.34728.123
MinimumVisualStudioVersion = 10.0.40219.1
Project("{FAE04EC0-301F-11D3-BF4B-00C04F79EFBC}") = "Students_Records", "Students_Records.csproj", "{47D4CF9D-E613-4406-B87A-080DF4D91F8A}"
EndProject
Global
	GlobalSection(SolutionConfigurationPlatforms) = preSolution
		Debug|Any CPU = Debug|Any CPU
		Release|Any CPU = Release|Any CPU
	EndGlobalSection
	GlobalSection(ProjectConfigurationPlatforms) = postSolution
		{47D4CF9D-E613-4406-B87A-080DF4D91F8A}.Debug|Any CPU.ActiveCfg = Debug|Any CPU
		{47D4CF9D-E613-4406-B87A-080DF4D91F8A}.Debug|Any CPU.Build.0 = Debug|Any CPU
		{47D4CF9D-E613-4406-B87A-080DF4D91F8A}.Release|Any CPU.ActiveCfg = Release|Any CPU
		{47D4CF9D-E613-4406-B87A-080DF4D91F8A}.Release|Any CPU.Build.0 = Release|Any CPU
	EndGlobalSection
	GlobalSection(SolutionProperties) = preSolution
		HideSolutionNode = FALSE
	EndGlobalSection
	GlobalSection(ExtensibilityGlobals) = postSolution
		SolutionGuid = {5099F849-3B90-4333-AD57-9D5EA59BE64D}
	EndGlobalSection
EndGlobal
